// !$*UTF8*$!
{
	archiveVersion = 1;
	classes = {
	};
	objectVersion = 50;
	objects = {

/* Begin PBXBuildFile section */
		286DEC002677645800EC6A25 /* AppDelegate.swift in Sources */ = {isa = PBXBuildFile; fileRef = 286DEBFF2677645800EC6A25 /* AppDelegate.swift */; };
		286DEC022677645800EC6A25 /* SceneDelegate.swift in Sources */ = {isa = PBXBuildFile; fileRef = 286DEC012677645800EC6A25 /* SceneDelegate.swift */; };
		286DEC042677645800EC6A25 /* ViewController.swift in Sources */ = {isa = PBXBuildFile; fileRef = 286DEC032677645800EC6A25 /* ViewController.swift */; };
		286DEC072677645800EC6A25 /* Main.storyboard in Resources */ = {isa = PBXBuildFile; fileRef = 286DEC052677645800EC6A25 /* Main.storyboard */; };
		286DEC092677645B00EC6A25 /* Assets.xcassets in Resources */ = {isa = PBXBuildFile; fileRef = 286DEC082677645B00EC6A25 /* Assets.xcassets */; };
		286DEC0C2677645B00EC6A25 /* LaunchScreen.storyboard in Resources */ = {isa = PBXBuildFile; fileRef = 286DEC0A2677645B00EC6A25 /* LaunchScreen.storyboard */; };
		286DEC172677645C00EC6A25 /* SamplTests.swift in Sources */ = {isa = PBXBuildFile; fileRef = 286DEC162677645C00EC6A25 /* SamplTests.swift */; };
		286DEC222677645C00EC6A25 /* SamplUITests.swift in Sources */ = {isa = PBXBuildFile; fileRef = 286DEC212677645C00EC6A25 /* SamplUITests.swift */; };
/* End PBXBuildFile section */

/* Begin PBXContainerItemProxy section */
		286DEC132677645C00EC6A25 /* PBXContainerItemProxy */ = {
			isa = PBXContainerItemProxy;
			containerPortal = 286DEBF42677645800EC6A25 /* Project object */;
			proxyType = 1;
			remoteGlobalIDString = 286DEBFB2677645800EC6A25;
			remoteInfo = Sampl;
		};
		286DEC1E2677645C00EC6A25 /* PBXContainerItemProxy */ = {
			isa = PBXContainerItemProxy;
			containerPortal = 286DEBF42677645800EC6A25 /* Project object */;
			proxyType = 1;
			remoteGlobalIDString = 286DEBFB2677645800EC6A25;
			remoteInfo = Sampl;
		};
/* End PBXContainerItemProxy section */

/* Begin PBXFileReference section */
		286DEBFC2677645800EC6A25 /* Sampl.app */ = {isa = PBXFileReference; explicitFileType = wrapper.application; includeInIndex = 0; path = Sampl.app; sourceTree = BUILT_PRODUCTS_DIR; };
		286DEBFF2677645800EC6A25 /* AppDelegate.swift */ = {isa = PBXFileReference; lastKnownFileType = sourcecode.swift; path = AppDelegate.swift; sourceTree = "<group>"; };
		286DEC012677645800EC6A25 /* SceneDelegate.swift */ = {isa = PBXFileReference; lastKnownFileType = sourcecode.swift; path = SceneDelegate.swift; sourceTree = "<group>"; };
		286DEC032677645800EC6A25 /* ViewController.swift */ = {isa = PBXFileReference; lastKnownFileType = sourcecode.swift; path = ViewController.swift; sourceTree = "<group>"; };
		286DEC062677645800EC6A25 /* Base */ = {isa = PBXFileReference; lastKnownFileType = file.storyboard; name = Base; path = Base.lproj/Main.storyboard; sourceTree = "<group>"; };
		286DEC082677645B00EC6A25 /* Assets.xcassets */ = {isa = PBXFileReference; lastKnownFileType = folder.assetcatalog; path = Assets.xcassets; sourceTree = "<group>"; };
		286DEC0B2677645B00EC6A25 /* Base */ = {isa = PBXFileReference; lastKnownFileType = file.storyboard; name = Base; path = Base.lproj/LaunchScreen.storyboard; sourceTree = "<group>"; };
		286DEC0D2677645B00EC6A25 /* Info.plist */ = {isa = PBXFileReference; lastKnownFileType = text.plist.xml; path = Info.plist; sourceTree = "<group>"; };
		286DEC122677645C00EC6A25 /* SamplTests.xctest */ = {isa = PBXFileReference; explicitFileType = wrapper.cfbundle; includeInIndex = 0; path = SamplTests.xctest; sourceTree = BUILT_PRODUCTS_DIR; };
		286DEC162677645C00EC6A25 /* SamplTests.swift */ = {isa = PBXFileReference; lastKnownFileType = sourcecode.swift; path = SamplTests.swift; sourceTree = "<group>"; };
		286DEC182677645C00EC6A25 /* Info.plist */ = {isa = PBXFileReference; lastKnownFileType = text.plist.xml; path = Info.plist; sourceTree = "<group>"; };
		286DEC1D2677645C00EC6A25 /* SamplUITests.xctest */ = {isa = PBXFileReference; explicitFileType = wrapper.cfbundle; includeInIndex = 0; path = SamplUITests.xctest; sourceTree = BUILT_PRODUCTS_DIR; };
		286DEC212677645C00EC6A25 /* SamplUITests.swift */ = {isa = PBXFileReference; lastKnownFileType = sourcecode.swift; path = SamplUITests.swift; sourceTree = "<group>"; };
		286DEC232677645C00EC6A25 /* Info.plist */ = {isa = PBXFileReference; lastKnownFileType = text.plist.xml; path = Info.plist; sourceTree = "<group>"; };
/* End PBXFileReference section */

/* Begin PBXFrameworksBuildPhase section */
		286DEBF92677645800EC6A25 /* Frameworks */ = {
			isa = PBXFrameworksBuildPhase;
			buildActionMask = 2147483647;
			files = (
			);
			runOnlyForDeploymentPostprocessing = 0;
		};
		286DEC0F2677645C00EC6A25 /* Frameworks */ = {
			isa = PBXFrameworksBuildPhase;
			buildActionMask = 2147483647;
			files = (
			);
			runOnlyForDeploymentPostprocessing = 0;
		};
		286DEC1A2677645C00EC6A25 /* Frameworks */ = {
			isa = PBXFrameworksBuildPhase;
			buildActionMask = 2147483647;
			files = (
			);
			runOnlyForDeploymentPostprocessing = 0;
		};
/* End PBXFrameworksBuildPhase section */

/* Begin PBXGroup section */
		286DEBF32677645800EC6A25 = {
			isa = PBXGroup;
			children = (
				286DEBFE2677645800EC6A25 /* Sampl */,
				286DEC152677645C00EC6A25 /* SamplTests */,
				286DEC202677645C00EC6A25 /* SamplUITests */,
				286DEBFD2677645800EC6A25 /* Products */,
			);
			sourceTree = "<group>";
		};
		286DEBFD2677645800EC6A25 /* Products */ = {
			isa = PBXGroup;
			children = (
				286DEBFC2677645800EC6A25 /* Sampl.app */,
				286DEC122677645C00EC6A25 /* SamplTests.xctest */,
				286DEC1D2677645C00EC6A25 /* SamplUITests.xctest */,
			);
			name = Products;
			sourceTree = "<group>";
		};
		286DEBFE2677645800EC6A25 /* Sampl */ = {
			isa = PBXGroup;
			children = (
				286DEBFF2677645800EC6A25 /* AppDelegate.swift */,
				286DEC012677645800EC6A25 /* SceneDelegate.swift */,
				286DEC032677645800EC6A25 /* ViewController.swift */,
				286DEC052677645800EC6A25 /* Main.storyboard */,
				286DEC082677645B00EC6A25 /* Assets.xcassets */,
				286DEC0A2677645B00EC6A25 /* LaunchScreen.storyboard */,
				286DEC0D2677645B00EC6A25 /* Info.plist */,
			);
			path = Sampl;
			sourceTree = "<group>";
		};
		286DEC152677645C00EC6A25 /* SamplTests */ = {
			isa = PBXGroup;
			children = (
				286DEC162677645C00EC6A25 /* SamplTests.swift */,
				286DEC182677645C00EC6A25 /* Info.plist */,
			);
			path = SamplTests;
			sourceTree = "<group>";
		};
		286DEC202677645C00EC6A25 /* SamplUITests */ = {
			isa = PBXGroup;
			children = (
				286DEC212677645C00EC6A25 /* SamplUITests.swift */,
				286DEC232677645C00EC6A25 /* Info.plist */,
			);
			path = SamplUITests;
			sourceTree = "<group>";
		};
/* End PBXGroup section */

/* Begin PBXNativeTarget section */
		286DEBFB2677645800EC6A25 /* Sampl */ = {
			isa = PBXNativeTarget;
			buildConfigurationList = 286DEC262677645C00EC6A25 /* Build configuration list for PBXNativeTarget "Sampl" */;
			buildPhases = (
				286DEBF82677645800EC6A25 /* Sources */,
				286DEBF92677645800EC6A25 /* Frameworks */,
				286DEBFA2677645800EC6A25 /* Resources */,
			);
			buildRules = (
			);
			dependencies = (
			);
			name = Sampl;
			productName = Sampl;
			productReference = 286DEBFC2677645800EC6A25 /* Sampl.app */;
			productType = "com.apple.product-type.application";
		};
		286DEC112677645C00EC6A25 /* SamplTests */ = {
			isa = PBXNativeTarget;
			buildConfigurationList = 286DEC292677645C00EC6A25 /* Build configuration list for PBXNativeTarget "SamplTests" */;
			buildPhases = (
				286DEC0E2677645C00EC6A25 /* Sources */,
				286DEC0F2677645C00EC6A25 /* Frameworks */,
				286DEC102677645C00EC6A25 /* Resources */,
			);
			buildRules = (
			);
			dependencies = (
				286DEC142677645C00EC6A25 /* PBXTargetDependency */,
			);
			name = SamplTests;
			productName = SamplTests;
			productReference = 286DEC122677645C00EC6A25 /* SamplTests.xctest */;
			productType = "com.apple.product-type.bundle.unit-test";
		};
		286DEC1C2677645C00EC6A25 /* SamplUITests */ = {
			isa = PBXNativeTarget;
			buildConfigurationList = 286DEC2C2677645C00EC6A25 /* Build configuration list for PBXNativeTarget "SamplUITests" */;
			buildPhases = (
				286DEC192677645C00EC6A25 /* Sources */,
				286DEC1A2677645C00EC6A25 /* Frameworks */,
				286DEC1B2677645C00EC6A25 /* Resources */,
			);
			buildRules = (
			);
			dependencies = (
				286DEC1F2677645C00EC6A25 /* PBXTargetDependency */,
			);
			name = SamplUITests;
			productName = SamplUITests;
			productReference = 286DEC1D2677645C00EC6A25 /* SamplUITests.xctest */;
			productType = "com.apple.product-type.bundle.ui-testing";
		};
/* End PBXNativeTarget section */

/* Begin PBXProject section */
		286DEBF42677645800EC6A25 /* Project object */ = {
			isa = PBXProject;
			attributes = {
				LastSwiftUpdateCheck = 1240;
				LastUpgradeCheck = 1240;
				TargetAttributes = {
					286DEBFB2677645800EC6A25 = {
						CreatedOnToolsVersion = 12.4;
					};
					286DEC112677645C00EC6A25 = {
						CreatedOnToolsVersion = 12.4;
						TestTargetID = 286DEBFB2677645800EC6A25;
					};
					286DEC1C2677645C00EC6A25 = {
						CreatedOnToolsVersion = 12.4;
						TestTargetID = 286DEBFB2677645800EC6A25;
					};
				};
			};
			buildConfigurationList = 286DEBF72677645800EC6A25 /* Build configuration list for PBXProject "Sampl" */;
			compatibilityVersion = "Xcode 9.3";
			developmentRegion = en;
			hasScannedForEncodings = 0;
			knownRegions = (
				en,
				Base,
			);
			mainGroup = 286DEBF32677645800EC6A25;
			productRefGroup = 286DEBFD2677645800EC6A25 /* Products */;
			projectDirPath = "";
			projectRoot = "";
			targets = (
				286DEBFB2677645800EC6A25 /* Sampl */,
				286DEC112677645C00EC6A25 /* SamplTests */,
				286DEC1C2677645C00EC6A25 /* SamplUITests */,
			);
		};
/* End PBXProject section */

/* Begin PBXResourcesBuildPhase section */
		286DEBFA2677645800EC6A25 /* Resources */ = {
			isa = PBXResourcesBuildPhase;
			buildActionMask = 2147483647;
			files = (
				286DEC0C2677645B00EC6A25 /* LaunchScreen.storyboard in Resources */,
				286DEC092677645B00EC6A25 /* Assets.xcassets in Resources */,
				286DEC072677645800EC6A25 /* Main.storyboard in Resources */,
			);
			runOnlyForDeploymentPostprocessing = 0;
		};
		286DEC102677645C00EC6A25 /* Resources */ = {
			isa = PBXResourcesBuildPhase;
			buildActionMask = 2147483647;
			files = (
			);
			runOnlyForDeploymentPostprocessing = 0;
		};
		286DEC1B2677645C00EC6A25 /* Resources */ = {
			isa = PBXResourcesBuildPhase;
			buildActionMask = 2147483647;
			files = (
			);
			runOnlyForDeploymentPostprocessing = 0;
		};
/* End PBXResourcesBuildPhase section */

/* Begin PBXSourcesBuildPhase section */
		286DEBF82677645800EC6A25 /* Sources */ = {
			isa = PBXSourcesBuildPhase;
			buildActionMask = 2147483647;
			files = (
				286DEC042677645800EC6A25 /* ViewController.swift in Sources */,
				286DEC002677645800EC6A25 /* AppDelegate.swift in Sources */,
				286DEC022677645800EC6A25 /* SceneDelegate.swift in Sources */,
			);
			runOnlyForDeploymentPostprocessing = 0;
		};
		286DEC0E2677645C00EC6A25 /* Sources */ = {
			isa = PBXSourcesBuildPhase;
			buildActionMask = 2147483647;
			files = (
				286DEC172677645C00EC6A25 /* SamplTests.swift in Sources */,
			);
			runOnlyForDeploymentPostprocessing = 0;
		};
		286DEC192677645C00EC6A25 /* Sources */ = {
			isa = PBXSourcesBuildPhase;
			buildActionMask = 2147483647;
			files = (
				286DEC222677645C00EC6A25 /* SamplUITests.swift in Sources */,
			);
			runOnlyForDeploymentPostprocessing = 0;
		};
/* End PBXSourcesBuildPhase section */

/* Begin PBXTargetDependency section */
		286DEC142677645C00EC6A25 /* PBXTargetDependency */ = {
			isa = PBXTargetDependency;
			target = 286DEBFB2677645800EC6A25 /* Sampl */;
			targetProxy = 286DEC132677645C00EC6A25 /* PBXContainerItemProxy */;
		};
		286DEC1F2677645C00EC6A25 /* PBXTargetDependency */ = {
			isa = PBXTargetDependency;
			target = 286DEBFB2677645800EC6A25 /* Sampl */;
			targetProxy = 286DEC1E2677645C00EC6A25 /* PBXContainerItemProxy */;
		};
/* End PBXTargetDependency section */

/* Begin PBXVariantGroup section */
		286DEC052677645800EC6A25 /* Main.storyboard */ = {
			isa = PBXVariantGroup;
			children = (
				286DEC062677645800EC6A25 /* Base */,
			);
			name = Main.storyboard;
			sourceTree = "<group>";
		};
		286DEC0A2677645B00EC6A25 /* LaunchScreen.storyboard */ = {
			isa = PBXVariantGroup;
			children = (
				286DEC0B2677645B00EC6A25 /* Base */,
			);
			name = LaunchScreen.storyboard;
			sourceTree = "<group>";
		};
/* End PBXVariantGroup section */

/* Begin XCBuildConfiguration section */
		286DEC242677645C00EC6A25 /* Debug */ = {
			isa = XCBuildConfiguration;
			buildSettings = {
				ALWAYS_SEARCH_USER_PATHS = NO;
				CLANG_ANALYZER_NONNULL = YES;
				CLANG_ANALYZER_NUMBER_OBJECT_CONVERSION = YES_AGGRESSIVE;
				CLANG_CXX_LANGUAGE_STANDARD = "gnu++14";
				CLANG_CXX_LIBRARY = "libc++";
				CLANG_ENABLE_MODULES = YES;
				CLANG_ENABLE_OBJC_ARC = YES;
				CLANG_ENABLE_OBJC_WEAK = YES;
				CLANG_WARN_BLOCK_CAPTURE_AUTORELEASING = YES;
				CLANG_WARN_BOOL_CONVERSION = YES;
				CLANG_WARN_COMMA = YES;
				CLANG_WARN_CONSTANT_CONVERSION = YES;
				CLANG_WARN_DEPRECATED_OBJC_IMPLEMENTATIONS = YES;
				CLANG_WARN_DIRECT_OBJC_ISA_USAGE = YES_ERROR;
				CLANG_WARN_DOCUMENTATION_COMMENTS = YES;
				CLANG_WARN_EMPTY_BODY = YES;
				CLANG_WARN_ENUM_CONVERSION = YES;
				CLANG_WARN_INFINITE_RECURSION = YES;
				CLANG_WARN_INT_CONVERSION = YES;
				CLANG_WARN_NON_LITERAL_NULL_CONVERSION = YES;
				CLANG_WARN_OBJC_IMPLICIT_RETAIN_SELF = YES;
				CLANG_WARN_OBJC_LITERAL_CONVERSION = YES;
				CLANG_WARN_OBJC_ROOT_CLASS = YES_ERROR;
				CLANG_WARN_QUOTED_INCLUDE_IN_FRAMEWORK_HEADER = YES;
				CLANG_WARN_RANGE_LOOP_ANALYSIS = YES;
				CLANG_WARN_STRICT_PROTOTYPES = YES;
				CLANG_WARN_SUSPICIOUS_MOVE = YES;
				CLANG_WARN_UNGUARDED_AVAILABILITY = YES_AGGRESSIVE;
				CLANG_WARN_UNREACHABLE_CODE = YES;
				CLANG_WARN__DUPLICATE_METHOD_MATCH = YES;
				COPY_PHASE_STRIP = NO;
				DEBUG_INFORMATION_FORMAT = dwarf;
				ENABLE_STRICT_OBJC_MSGSEND = YES;
				ENABLE_TESTABILITY = YES;
				GCC_C_LANGUAGE_STANDARD = gnu11;
				GCC_DYNAMIC_NO_PIC = NO;
				GCC_NO_COMMON_BLOCKS = YES;
				GCC_OPTIMIZATION_LEVEL = 0;
				GCC_PREPROCESSOR_DEFINITIONS = (
					"DEBUG=1",
					"$(inherited)",
				);
				GCC_WARN_64_TO_32_BIT_CONVERSION = YES;
				GCC_WARN_ABOUT_RETURN_TYPE = YES_ERROR;
				GCC_WARN_UNDECLARED_SELECTOR = YES;
				GCC_WARN_UNINITIALIZED_AUTOS = YES_AGGRESSIVE;
				GCC_WARN_UNUSED_FUNCTION = YES;
				GCC_WARN_UNUSED_VARIABLE = YES;
				IPHONEOS_DEPLOYMENT_TARGET = 14.4;
				MTL_ENABLE_DEBUG_INFO = INCLUDE_SOURCE;
				MTL_FAST_MATH = YES;
				ONLY_ACTIVE_ARCH = YES;
				SDKROOT = iphoneos;
				SWIFT_ACTIVE_COMPILATION_CONDITIONS = DEBUG;
				SWIFT_OPTIMIZATION_LEVEL = "-Onone";
			};
			name = Debug;
		};
		286DEC252677645C00EC6A25 /* Release */ = {
			isa = XCBuildConfiguration;
			buildSettings = {
				ALWAYS_SEARCH_USER_PATHS = NO;
				CLANG_ANALYZER_NONNULL = YES;
				CLANG_ANALYZER_NUMBER_OBJECT_CONVERSION = YES_AGGRESSIVE;
				CLANG_CXX_LANGUAGE_STANDARD = "gnu++14";
				CLANG_CXX_LIBRARY = "libc++";
				CLANG_ENABLE_MODULES = YES;
				CLANG_ENABLE_OBJC_ARC = YES;
				CLANG_ENABLE_OBJC_WEAK = YES;
				CLANG_WARN_BLOCK_CAPTURE_AUTORELEASING = YES;
				CLANG_WARN_BOOL_CONVERSION = YES;
				CLANG_WARN_COMMA = YES;
				CLANG_WARN_CONSTANT_CONVERSION = YES;
				CLANG_WARN_DEPRECATED_OBJC_IMPLEMENTATIONS = YES;
				CLANG_WARN_DIRECT_OBJC_ISA_USAGE = YES_ERROR;
				CLANG_WARN_DOCUMENTATION_COMMENTS = YES;
				CLANG_WARN_EMPTY_BODY = YES;
				CLANG_WARN_ENUM_CONVERSION = YES;
				CLANG_WARN_INFINITE_RECURSION = YES;
				CLANG_WARN_INT_CONVERSION = YES;
				CLANG_WARN_NON_LITERAL_NULL_CONVERSION = YES;
				CLANG_WARN_OBJC_IMPLICIT_RETAIN_SELF = YES;
				CLANG_WARN_OBJC_LITERAL_CONVERSION = YES;
				CLANG_WARN_OBJC_ROOT_CLASS = YES_ERROR;
				CLANG_WARN_QUOTED_INCLUDE_IN_FRAMEWORK_HEADER = YES;
				CLANG_WARN_RANGE_LOOP_ANALYSIS = YES;
				CLANG_WARN_STRICT_PROTOTYPES = YES;
				CLANG_WARN_SUSPICIOUS_MOVE = YES;
				CLANG_WARN_UNGUARDED_AVAILABILITY = YES_AGGRESSIVE;
				CLANG_WARN_UNREACHABLE_CODE = YES;
				CLANG_WARN__DUPLICATE_METHOD_MATCH = YES;
				COPY_PHASE_STRIP = NO;
				DEBUG_INFORMATION_FORMAT = "dwarf-with-dsym";
				ENABLE_NS_ASSERTIONS = NO;
				ENABLE_STRICT_OBJC_MSGSEND = YES;
				GCC_C_LANGUAGE_STANDARD = gnu11;
				GCC_NO_COMMON_BLOCKS = YES;
				GCC_WARN_64_TO_32_BIT_CONVERSION = YES;
				GCC_WARN_ABOUT_RETURN_TYPE = YES_ERROR;
				GCC_WARN_UNDECLARED_SELECTOR = YES;
				GCC_WARN_UNINITIALIZED_AUTOS = YES_AGGRESSIVE;
				GCC_WARN_UNUSED_FUNCTION = YES;
				GCC_WARN_UNUSED_VARIABLE = YES;
				IPHONEOS_DEPLOYMENT_TARGET = 14.4;
				MTL_ENABLE_DEBUG_INFO = NO;
				MTL_FAST_MATH = YES;
				SDKROOT = iphoneos;
				SWIFT_COMPILATION_MODE = wholemodule;
				SWIFT_OPTIMIZATION_LEVEL = "-O";
				VALIDATE_PRODUCT = YES;
			};
			name = Release;
		};
		286DEC272677645C00EC6A25 /* Debug */ = {
			isa = XCBuildConfiguration;
			buildSettings = {
				ASSETCATALOG_COMPILER_APPICON_NAME = AppIcon;
				ASSETCATALOG_COMPILER_GLOBAL_ACCENT_COLOR_NAME = AccentColor;
				CODE_SIGN_STYLE = Automatic;
				INFOPLIST_FILE = Sampl/Info.plist;
				LD_RUNPATH_SEARCH_PATHS = (
					"$(inherited)",
					"@executable_path/Frameworks",
				);
				PRODUCT_BUNDLE_IDENTIFIER = com.Sarweshwar.iOS.Sampl;
				PRODUCT_NAME = "$(TARGET_NAME)";
				SWIFT_VERSION = 5.0;
				TARGETED_DEVICE_FAMILY = "1,2";
			};
			name = Debug;
		};
		286DEC282677645C00EC6A25 /* Release */ = {
			isa = XCBuildConfiguration;
			buildSettings = {
				ASSETCATALOG_COMPILER_APPICON_NAME = AppIcon;
				ASSETCATALOG_COMPILER_GLOBAL_ACCENT_COLOR_NAME = AccentColor;
				CODE_SIGN_STYLE = Automatic;
				INFOPLIST_FILE = Sampl/Info.plist;
				LD_RUNPATH_SEARCH_PATHS = (
					"$(inherited)",
					"@executable_path/Frameworks",
				);
				PRODUCT_BUNDLE_IDENTIFIER = com.Sarweshwar.iOS.Sampl;
				PRODUCT_NAME = "$(TARGET_NAME)";
				SWIFT_VERSION = 5.0;
				TARGETED_DEVICE_FAMILY = "1,2";
			};
			name = Release;
		};
		286DEC2A2677645C00EC6A25 /* Debug */ = {
			isa = XCBuildConfiguration;
			buildSettings = {
				ALWAYS_EMBED_SWIFT_STANDARD_LIBRARIES = YES;
				BUNDLE_LOADER = "$(TEST_HOST)";
				CODE_SIGN_STYLE = Automatic;
				INFOPLIST_FILE = SamplTests/Info.plist;
				IPHONEOS_DEPLOYMENT_TARGET = 14.4;
				LD_RUNPATH_SEARCH_PATHS = (
					"$(inherited)",
					"@executable_path/Frameworks",
					"@loader_path/Frameworks",
				);
				PRODUCT_BUNDLE_IDENTIFIER = com.Sarweshwar.iOS.SamplTests;
				PRODUCT_NAME = "$(TARGET_NAME)";
				SWIFT_VERSION = 5.0;
				TARGETED_DEVICE_FAMILY = "1,2";
				TEST_HOST = "$(BUILT_PRODUCTS_DIR)/Sampl.app/Sampl";
			};
			name = Debug;
		};
		286DEC2B2677645C00EC6A25 /* Release */ = {
			isa = XCBuildConfiguration;
			buildSettings = {
				ALWAYS_EMBED_SWIFT_STANDARD_LIBRARIES = YES;
				BUNDLE_LOADER = "$(TEST_HOST)";
				CODE_SIGN_STYLE = Automatic;
				INFOPLIST_FILE = SamplTests/Info.plist;
				IPHONEOS_DEPLOYMENT_TARGET = 14.4;
				LD_RUNPATH_SEARCH_PATHS = (
					"$(inherited)",
					"@executable_path/Frameworks",
					"@loader_path/Frameworks",
				);
				PRODUCT_BUNDLE_IDENTIFIER = com.Sarweshwar.iOS.SamplTests;
				PRODUCT_NAME = "$(TARGET_NAME)";
				SWIFT_VERSION = 5.0;
				TARGETED_DEVICE_FAMILY = "1,2";
				TEST_HOST = "$(BUILT_PRODUCTS_DIR)/Sampl.app/Sampl";
			};
			name = Release;
		};
		286DEC2D2677645C00EC6A25 /* Debug */ = {
			isa = XCBuildConfiguration;
			buildSettings = {
				ALWAYS_EMBED_SWIFT_STANDARD_LIBRARIES = YES;
				CODE_SIGN_STYLE = Automatic;
				INFOPLIST_FILE = SamplUITests/Info.plist;
				LD_RUNPATH_SEARCH_PATHS = (
					"$(inherited)",
					"@executable_path/Frameworks",
					"@loader_path/Frameworks",
				);
				PRODUCT_BUNDLE_IDENTIFIER = com.Sarweshwar.iOS.SamplUITests;
				PRODUCT_NAME = "$(TARGET_NAME)";
				SWIFT_VERSION = 5.0;
				TARGETED_DEVICE_FAMILY = "1,2";
				TEST_TARGET_NAME = Sampl;
			};
			name = Debug;
		};
		286DEC2E2677645C00EC6A25 /* Release */ = {
			isa = XCBuildConfiguration;
			buildSettings = {
				ALWAYS_EMBED_SWIFT_STANDARD_LIBRARIES = YES;
				CODE_SIGN_STYLE = Automatic;
				INFOPLIST_FILE = SamplUITests/Info.plist;
				LD_RUNPATH_SEARCH_PATHS = (
					"$(inherited)",
					"@executable_path/Frameworks",
					"@loader_path/Frameworks",
				);
				PRODUCT_BUNDLE_IDENTIFIER = com.Sarweshwar.iOS.SamplUITests;
				PRODUCT_NAME = "$(TARGET_NAME)";
				SWIFT_VERSION = 5.0;
				TARGETED_DEVICE_FAMILY = "1,2";
				TEST_TARGET_NAME = Sampl;
			};
			name = Release;
		};
/* End XCBuildConfiguration section */

/* Begin XCConfigurationList section */
		286DEBF72677645800EC6A25 /* Build configuration list for PBXProject "Sampl" */ = {
			isa = XCConfigurationList;
			buildConfigurations = (
				286DEC242677645C00EC6A25 /* Debug */,
				286DEC252677645C00EC6A25 /* Release */,
			);
			defaultConfigurationIsVisible = 0;
			defaultConfigurationName = Release;
		};
		286DEC262677645C00EC6A25 /* Build configuration list for PBXNativeTarget "Sampl" */ = {
			isa = XCConfigurationList;
			buildConfigurations = (
				286DEC272677645C00EC6A25 /* Debug */,
				286DEC282677645C00EC6A25 /* Release */,
			);
			defaultConfigurationIsVisible = 0;
			defaultConfigurationName = Release;
		};
		286DEC292677645C00EC6A25 /* Build configuration list for PBXNativeTarget "SamplTests" */ = {
			isa = XCConfigurationList;
			buildConfigurations = (
				286DEC2A2677645C00EC6A25 /* Debug */,
				286DEC2B2677645C00EC6A25 /* Release */,
			);
			defaultConfigurationIsVisible = 0;
			defaultConfigurationName = Release;
		};
		286DEC2C2677645C00EC6A25 /* Build configuration list for PBXNativeTarget "SamplUITests" */ = {
			isa = XCConfigurationList;
			buildConfigurations = (
				286DEC2D2677645C00EC6A25 /* Debug */,
				286DEC2E2677645C00EC6A25 /* Release */,
			);
			defaultConfigurationIsVisible = 0;
			defaultConfigurationName = Release;
		};
/* End XCConfigurationList section */
	};
	rootObject = 286DEBF42677645800EC6A25 /* Project object */;
}
